github.com/google/uuid v1.6.0 h1:NIvaJDMOsjHA8n1jAhLSgzrAzy1Hgr+hNrb57e+94F0=
github.com/google/uuid v1.6.0/go.mod h1:TIyPZe4MgqvfeYDBFedMoGGpEw/LqOeaOT+nhxU+yHo=
github.com/nicograef/cloudevents/event v0.0.0-20250915211104-c6d6ef787e93 h1:oUZnBnNsHwAby0OzGC3LINnY1YDPBU2M5SSTWd1hkMM=
github.com/nicograef/cloudevents/event v0.0.0-20250915211104-c6d6ef787e93/go.mod h1:pJtCJXo8CKzaWE/CwMO+wg+kgCQjNTB7KBPWHMQ6G7o=
